<?xml version="1.0" encoding="utf-8"?>
<Project ToolsVersion="4.0" xmlns="http://schemas.microsoft.com/developer/msbuild/2003">
  <ItemGroup>
    <Filter Include="Source Files">
      <UniqueIdentifier>{4FC737F1-C7A5-4376-A066-2A32D752A2FF}</UniqueIdentifier>
      <Extensions>cpp;c;cc;cxx;def;odl;idl;hpj;bat;asm;asmx</Extensions>
    </Filter>
    <Filter Include="pch">
      <UniqueIdentifier>{cded6e33-0890-45c8-b739-f14816d67cd8}</UniqueIdentifier>
    </Filter>
    <Filter Include="Source Files\Interface">
      <UniqueIdentifier>{9f29d508-49b6-4630-b834-14295ea9561f}</UniqueIdentifier>
    </Filter>
    <Filter Include="Source Files\SRT">
      <UniqueIdentifier>{a1e10d66-2ea3-4804-8632-f1bb930e99bf}</UniqueIdentifier>
    </Filter>
    <Filter Include="Source Files\ASS">
      <UniqueIdentifier>{6b655cc2-3972-4635-80d9-e4a5c830af4d}</UniqueIdentifier>
    </Filter>
    <Filter Include="Source Files\SSA">
      <UniqueIdentifier>{1e7a1d65-0127-4570-8c29-c2c4a5d5ce7f}</UniqueIdentifier>
    </Filter>
    <Filter Include="Source Files\VOBSUB">
      <UniqueIdentifier>{da9ac246-5144-44a2-bf24-4ffbfa7333ad}</UniqueIdentifier>
    </Filter>
    <Filter Include="Source Files\Utilities">
      <UniqueIdentifier>{357f2918-fd9f-4ebd-9674-eb8ccbfe9085}</UniqueIdentifier>
    </Filter>
    <Filter Include="Source Files\NoSubtitles">
      <UniqueIdentifier>{b9a0657b-cf5f-4614-adc6-a72a5b428ab6}</UniqueIdentifier>
    </Filter>
    <Filter Include="Source Files\CustomTextRenderer">
      <UniqueIdentifier>{6f703026-884a-49c4-8649-637d17836bce}</UniqueIdentifier>
    </Filter>
    <Filter Include="Source Files\CustomTextRenderer\DrawingEffectRenderers">
      <UniqueIdentifier>{bad18525-2716-47bc-bcbe-2ab2d77125ee}</UniqueIdentifier>
    </Filter>
  </ItemGroup>
  <ItemGroup>
    <ClInclude Include="stdafx.h">
      <Filter>pch</Filter>
    </ClInclude>
    <ClInclude Include="SubtitleCoreEnumerations.h">
      <Filter>Source Files\Interface</Filter>
    </ClInclude>
    <ClInclude Include="ISubtitleRenderer.h">
      <Filter>Source Files\Interface</Filter>
    </ClInclude>
    <ClInclude Include="SubtitleRendererFactory.h">
      <Filter>Source Files\Interface</Filter>
    </ClInclude>
    <ClInclude Include="SubtitlePicture.h">
      <Filter>Source Files\Interface</Filter>
    </ClInclude>
    <ClInclude Include="SRTSubtitleRenderer.h">
      <Filter>Source Files\SRT</Filter>
    </ClInclude>
    <ClInclude Include="SRTSubtitleEntry.h">
      <Filter>Source Files\SRT</Filter>
    </ClInclude>
    <ClInclude Include="Conversions.h">
      <Filter>Source Files\Utilities</Filter>
    </ClInclude>
    <ClInclude Include="DirectXHelpers.h">
      <Filter>Source Files\Utilities</Filter>
    </ClInclude>
    <ClInclude Include="NoSubtitleRenderer.h">
      <Filter>Source Files\NoSubtitles</Filter>
    </ClInclude>
    <ClInclude Include="CustomTextRenderer.h">
      <Filter>Source Files\CustomTextRenderer</Filter>
    </ClInclude>
    <ClInclude Include="CustomDrawingEffects.h">
      <Filter>Source Files\CustomTextRenderer</Filter>
    </ClInclude>
    <ClInclude Include="ICustomDrawingEffectRenderer.h">
      <Filter>Source Files\CustomTextRenderer</Filter>
    </ClInclude>
    <ClInclude Include="OutlineDrawingEffectRenderer.h">
      <Filter>Source Files\CustomTextRenderer\DrawingEffectRenderers</Filter>
    </ClInclude>
    <ClInclude Include="DrawingEffectRendererFactory.h">
      <Filter>Source Files\CustomTextRenderer\DrawingEffectRenderers</Filter>
    </ClInclude>
  </ItemGroup>
  <ItemGroup>
    <ClCompile Include="stdafx.cpp">
      <Filter>pch</Filter>
    </ClCompile>
    <ClCompile Include="SubtitleRendererFactory.cpp">
      <Filter>Source Files\Interface</Filter>
    </ClCompile>
    <ClCompile Include="SRTSubtitleRenderer.cpp">
      <Filter>Source Files\SRT</Filter>
    </ClCompile>
    <ClCompile Include="NoSubtitleRenderer.cpp">
      <Filter>Source Files\NoSubtitles</Filter>
    </ClCompile>
    <ClCompile Include="CustomTextRenderer.cpp">
      <Filter>Source Files\CustomTextRenderer</Filter>
    </ClCompile>
    <ClCompile Include="DrawingEffectRendererFactory.cpp">
      <Filter>Source Files\CustomTextRenderer\DrawingEffectRenderers</Filter>
    </ClCompile>
    <ClCompile Include="OutlineDrawingEffectRenderer.cpp">
      <Filter>Source Files\CustomTextRenderer\DrawingEffectRenderers</Filter>
    </ClCompile>
  </ItemGroup>
</Project>